
Microsoft Visual Studio Solution File, Format Version 12.00
# Visual Studio Version 16
VisualStudioVersion = 16.0.31624.102
MinimumVisualStudioVersion = 10.0.40219.1
Project("{FAE04EC0-301F-11D3-BF4B-00C04F79EFBC}") = "CarRentalSystem", "WindowsFormsApp1\CarRentalSystem.csproj", "{66CEC26A-E914-44ED-A3C5-270E429D2D2D}"
EndProject
Global
	GlobalSection(SolutionConfigurationPlatforms) = preSolution
		Debug|Any CPU = Debug|Any CPU
		Release|Any CPU = Release|Any CPU
	EndGlobalSection
	GlobalSection(ProjectConfigurationPlatforms) = postSolution
		{66CEC26A-E914-44ED-A3C5-270E429D2D2D}.Debug|Any CPU.ActiveCfg = Debug|Any CPU
		{66CEC26A-E914-44ED-A3C5-270E429D2D2D}.Debug|Any CPU.Build.0 = Debug|Any CPU
		{66CEC26A-E914-44ED-A3C5-270E429D2D2D}.Release|Any CPU.ActiveCfg = Release|Any CPU
		{66CEC26A-E914-44ED-A3C5-270E429D2D2D}.Release|Any CPU.Build.0 = Release|Any CPU
	EndGlobalSection
	GlobalSection(SolutionProperties) = preSolution
		HideSolutionNode = FALSE
	EndGlobalSection
	GlobalSection(ExtensibilityGlobals) = postSolution
		SolutionGuid = {BE87CD08-D282-4CB1-BF20-215D388F2AEB}
	EndGlobalSection
EndGlobal
